
Microsoft Visual Studio Solution File, Format Version 12.00
Project("{FAE04EC0-301F-11D3-BF4B-00C04F79EFBC}") = "Questao2", "Questao2\Questao2.csproj", "{7D7E265F-3F44-4836-8D11-AEB20889833F}"
EndProject
Project("{FAE04EC0-301F-11D3-BF4B-00C04F79EFBC}") = "Core", "Core\Core.csproj", "{5C9AB2E7-A8A2-4B1E-AB85-355AC6C7522D}"
EndProject
Global
	GlobalSection(SolutionConfigurationPlatforms) = preSolution
		Debug|Any CPU = Debug|Any CPU
		Release|Any CPU = Release|Any CPU
	EndGlobalSection
	GlobalSection(ProjectConfigurationPlatforms) = postSolution
		{7D7E265F-3F44-4836-8D11-AEB20889833F}.Debug|Any CPU.ActiveCfg = Debug|Any CPU
		{7D7E265F-3F44-4836-8D11-AEB20889833F}.Debug|Any CPU.Build.0 = Debug|Any CPU
		{7D7E265F-3F44-4836-8D11-AEB20889833F}.Release|Any CPU.ActiveCfg = Release|Any CPU
		{7D7E265F-3F44-4836-8D11-AEB20889833F}.Release|Any CPU.Build.0 = Release|Any CPU
		{5C9AB2E7-A8A2-4B1E-AB85-355AC6C7522D}.Debug|Any CPU.ActiveCfg = Debug|Any CPU
		{5C9AB2E7-A8A2-4B1E-AB85-355AC6C7522D}.Debug|Any CPU.Build.0 = Debug|Any CPU
		{5C9AB2E7-A8A2-4B1E-AB85-355AC6C7522D}.Release|Any CPU.ActiveCfg = Release|Any CPU
		{5C9AB2E7-A8A2-4B1E-AB85-355AC6C7522D}.Release|Any CPU.Build.0 = Release|Any CPU
	EndGlobalSection
EndGlobal
